
Microsoft Visual Studio Solution File, Format Version 12.00
Project("{FAE04EC0-301F-11D3-BF4B-00C04F79EFBC}") = "LFA_lab1", "LFA_lab1\LFA_lab1.csproj", "{ABD4C7CF-2240-43BD-9FBF-54BCD6847EDE}"
EndProject
Project("{FAE04EC0-301F-11D3-BF4B-00C04F79EFBC}") = "LFA_lab2", "LFA_lab2\LFA_lab2.csproj", "{67BBC94F-2FA0-4054-8D0B-464878CF9FBE}"
EndProject
Global
	GlobalSection(SolutionConfigurationPlatforms) = preSolution
		Debug|Any CPU = Debug|Any CPU
		Release|Any CPU = Release|Any CPU
	EndGlobalSection
	GlobalSection(ProjectConfigurationPlatforms) = postSolution
		{ABD4C7CF-2240-43BD-9FBF-54BCD6847EDE}.Debug|Any CPU.ActiveCfg = Debug|Any CPU
		{ABD4C7CF-2240-43BD-9FBF-54BCD6847EDE}.Debug|Any CPU.Build.0 = Debug|Any CPU
		{ABD4C7CF-2240-43BD-9FBF-54BCD6847EDE}.Release|Any CPU.ActiveCfg = Release|Any CPU
		{ABD4C7CF-2240-43BD-9FBF-54BCD6847EDE}.Release|Any CPU.Build.0 = Release|Any CPU
		{67BBC94F-2FA0-4054-8D0B-464878CF9FBE}.Debug|Any CPU.ActiveCfg = Debug|Any CPU
		{67BBC94F-2FA0-4054-8D0B-464878CF9FBE}.Debug|Any CPU.Build.0 = Debug|Any CPU
		{67BBC94F-2FA0-4054-8D0B-464878CF9FBE}.Release|Any CPU.ActiveCfg = Release|Any CPU
		{67BBC94F-2FA0-4054-8D0B-464878CF9FBE}.Release|Any CPU.Build.0 = Release|Any CPU
	EndGlobalSection
EndGlobal
