
Microsoft Visual Studio Solution File, Format Version 12.00
Project("{FAE04EC0-301F-11D3-BF4B-00C04F79EFBC}") = "LFA_lab1", "LFA_lab1\LFA_lab1.csproj", "{ABD4C7CF-2240-43BD-9FBF-54BCD6847EDE}"
EndProject
Project("{FAE04EC0-301F-11D3-BF4B-00C04F79EFBC}") = "LFA_lab2", "LFA_lab2\LFA_lab2.csproj", "{67BBC94F-2FA0-4054-8D0B-464878CF9FBE}"
EndProject
Project("{FAE04EC0-301F-11D3-BF4B-00C04F79EFBC}") = "LFA_lab3", "LFA_lab3\LFA_lab3.csproj", "{22CA3731-4EDE-4C80-A6BB-9844627443A3}"
EndProject
Project("{FAE04EC0-301F-11D3-BF4B-00C04F79EFBC}") = "LFA_lab4", "LFA_lab4\LFA_lab4.csproj", "{2F29F1AE-353A-4DF7-A4EF-B34F7C672EEC}"
EndProject
Project("{FAE04EC0-301F-11D3-BF4B-00C04F79EFBC}") = "LFA_lab5", "LFA_lab5\LFA_lab5.csproj", "{D48CBAE2-7D34-4D49-9863-100518ABAA43}"
EndProject
Global
	GlobalSection(SolutionConfigurationPlatforms) = preSolution
		Debug|Any CPU = Debug|Any CPU
		Release|Any CPU = Release|Any CPU
	EndGlobalSection
	GlobalSection(ProjectConfigurationPlatforms) = postSolution
		{ABD4C7CF-2240-43BD-9FBF-54BCD6847EDE}.Debug|Any CPU.ActiveCfg = Debug|Any CPU
		{ABD4C7CF-2240-43BD-9FBF-54BCD6847EDE}.Debug|Any CPU.Build.0 = Debug|Any CPU
		{ABD4C7CF-2240-43BD-9FBF-54BCD6847EDE}.Release|Any CPU.ActiveCfg = Release|Any CPU
		{ABD4C7CF-2240-43BD-9FBF-54BCD6847EDE}.Release|Any CPU.Build.0 = Release|Any CPU
		{67BBC94F-2FA0-4054-8D0B-464878CF9FBE}.Debug|Any CPU.ActiveCfg = Debug|Any CPU
		{67BBC94F-2FA0-4054-8D0B-464878CF9FBE}.Debug|Any CPU.Build.0 = Debug|Any CPU
		{67BBC94F-2FA0-4054-8D0B-464878CF9FBE}.Release|Any CPU.ActiveCfg = Release|Any CPU
		{67BBC94F-2FA0-4054-8D0B-464878CF9FBE}.Release|Any CPU.Build.0 = Release|Any CPU
		{22CA3731-4EDE-4C80-A6BB-9844627443A3}.Debug|Any CPU.ActiveCfg = Debug|Any CPU
		{22CA3731-4EDE-4C80-A6BB-9844627443A3}.Debug|Any CPU.Build.0 = Debug|Any CPU
		{22CA3731-4EDE-4C80-A6BB-9844627443A3}.Release|Any CPU.ActiveCfg = Release|Any CPU
		{22CA3731-4EDE-4C80-A6BB-9844627443A3}.Release|Any CPU.Build.0 = Release|Any CPU
		{2F29F1AE-353A-4DF7-A4EF-B34F7C672EEC}.Debug|Any CPU.ActiveCfg = Debug|Any CPU
		{2F29F1AE-353A-4DF7-A4EF-B34F7C672EEC}.Debug|Any CPU.Build.0 = Debug|Any CPU
		{2F29F1AE-353A-4DF7-A4EF-B34F7C672EEC}.Release|Any CPU.ActiveCfg = Release|Any CPU
		{2F29F1AE-353A-4DF7-A4EF-B34F7C672EEC}.Release|Any CPU.Build.0 = Release|Any CPU
		{D48CBAE2-7D34-4D49-9863-100518ABAA43}.Debug|Any CPU.ActiveCfg = Debug|Any CPU
		{D48CBAE2-7D34-4D49-9863-100518ABAA43}.Debug|Any CPU.Build.0 = Debug|Any CPU
		{D48CBAE2-7D34-4D49-9863-100518ABAA43}.Release|Any CPU.ActiveCfg = Release|Any CPU
		{D48CBAE2-7D34-4D49-9863-100518ABAA43}.Release|Any CPU.Build.0 = Release|Any CPU
	EndGlobalSection
EndGlobal
